PODS:
  - CDAlertView (0.6.0)
  - ChameleonFramework/Default (2.1.0)
  - ChameleonFramework/Swift (2.1.0):
    - ChameleonFramework/Default
  - DeviceKit (1.0.1)
  - Mapbox-iOS-SDK (3.4.2)
  - PermissionScope (1.1.1)
  - UITextField+Shake (1.1.2)
  - VersionTrackerSwift (1.1.0)

DEPENDENCIES:
  - CDAlertView
  - ChameleonFramework/Swift (from `https://github.com/ViccAlexander/Chameleon.git`)
  - DeviceKit (~> 1.0)
  - Mapbox-iOS-SDK (~> 3.4)
  - PermissionScope
  - UITextField+Shake (~> 1.1)
  - VersionTrackerSwift

EXTERNAL SOURCES:
  ChameleonFramework:
    :git: https://github.com/ViccAlexander/Chameleon.git

CHECKOUT OPTIONS:
  ChameleonFramework:
    :commit: acc480fbe023c6e5fe40f68593f4a70a8c4c7ad5
    :git: https://github.com/ViccAlexander/Chameleon.git

SPEC CHECKSUMS:
  CDAlertView: e6f365fa0fac7349197e7ea4bd7810c069215cf4
  ChameleonFramework: d21a3cc247abfe5e37609a283a8238b03575cf64
  DeviceKit: 461e525867e48e725f41699c1cab3100df1258ff
  Mapbox-iOS-SDK: d2c567fee32d316044ec925c8bcfb74a92d57ec9
  PermissionScope: a30c16e015779ba27c97c124e7539e27b5829de2
  UITextField+Shake: 47cc0429dafb3da580686339ad2da091249a8ea2
  VersionTrackerSwift: 7f08827b631584ecbda53361b6ab3f9587fac5ab

PODFILE CHECKSUM: 4504e7cb33eb04f81443c3183ff704f1aa9cbc6e

COCOAPODS: 1.0.1
