PODS:
  - ChameleonFramework/Default (2.1.0)
  - ChameleonFramework/Swift (2.1.0):
    - ChameleonFramework/Default
  - Mapbox-iOS-SDK (3.4.2)
  - PermissionScope (1.1.1)
  - UITextField+Shake (1.1.2)
  - VersionTrackerSwift (1.1.0)

DEPENDENCIES:
  - ChameleonFramework/Swift (from `https://github.com/ViccAlexander/Chameleon.git`)
  - Mapbox-iOS-SDK (~> 3.4)
  - PermissionScope
  - UITextField+Shake (~> 1.1)
  - VersionTrackerSwift

EXTERNAL SOURCES:
  ChameleonFramework:
    :git: https://github.com/ViccAlexander/Chameleon.git

CHECKOUT OPTIONS:
  ChameleonFramework:
    :commit: acc480fbe023c6e5fe40f68593f4a70a8c4c7ad5
    :git: https://github.com/ViccAlexander/Chameleon.git

SPEC CHECKSUMS:
  ChameleonFramework: d21a3cc247abfe5e37609a283a8238b03575cf64
  Mapbox-iOS-SDK: d2c567fee32d316044ec925c8bcfb74a92d57ec9
  PermissionScope: a30c16e015779ba27c97c124e7539e27b5829de2
  UITextField+Shake: 47cc0429dafb3da580686339ad2da091249a8ea2
  VersionTrackerSwift: 7f08827b631584ecbda53361b6ab3f9587fac5ab

PODFILE CHECKSUM: 2cfe76911a62824e50fd7112cebea8d32480f761

COCOAPODS: 1.0.1
